
Microsoft Visual Studio Solution File, Format Version 12.00
# Visual Studio Version 17
VisualStudioVersion = 17.8.34330.188
MinimumVisualStudioVersion = 10.0.40219.1
Project("{9A19103F-16F7-4668-BE54-9A1E7A4F7556}") = "MyBlog", "MyBlog.csproj", "{2AFC9847-9889-414E-9D5A-19B59BE07880}"
EndProject
Project("{9A19103F-16F7-4668-BE54-9A1E7A4F7556}") = "MyBlog.IRepository", "..\MyBlog.IRepository\MyBlog.IRepository.csproj", "{A54CA4DC-940E-4968-A8CA-FA90BFED9338}"
EndProject
Project("{9A19103F-16F7-4668-BE54-9A1E7A4F7556}") = "MyBlog.Model", "..\MyBlog.Model\MyBlog.Model.csproj", "{C99D4E1F-DAAA-4135-909E-1652B1D4FB38}"
EndProject
Global
	GlobalSection(SolutionConfigurationPlatforms) = preSolution
		Debug|Any CPU = Debug|Any CPU
		Release|Any CPU = Release|Any CPU
	EndGlobalSection
	GlobalSection(ProjectConfigurationPlatforms) = postSolution
		{2AFC9847-9889-414E-9D5A-19B59BE07880}.Debug|Any CPU.ActiveCfg = Debug|Any CPU
		{2AFC9847-9889-414E-9D5A-19B59BE07880}.Debug|Any CPU.Build.0 = Debug|Any CPU
		{2AFC9847-9889-414E-9D5A-19B59BE07880}.Release|Any CPU.ActiveCfg = Release|Any CPU
		{2AFC9847-9889-414E-9D5A-19B59BE07880}.Release|Any CPU.Build.0 = Release|Any CPU
		{A54CA4DC-940E-4968-A8CA-FA90BFED9338}.Debug|Any CPU.ActiveCfg = Debug|Any CPU
		{A54CA4DC-940E-4968-A8CA-FA90BFED9338}.Debug|Any CPU.Build.0 = Debug|Any CPU
		{A54CA4DC-940E-4968-A8CA-FA90BFED9338}.Release|Any CPU.ActiveCfg = Release|Any CPU
		{A54CA4DC-940E-4968-A8CA-FA90BFED9338}.Release|Any CPU.Build.0 = Release|Any CPU
		{C99D4E1F-DAAA-4135-909E-1652B1D4FB38}.Debug|Any CPU.ActiveCfg = Debug|Any CPU
		{C99D4E1F-DAAA-4135-909E-1652B1D4FB38}.Debug|Any CPU.Build.0 = Debug|Any CPU
		{C99D4E1F-DAAA-4135-909E-1652B1D4FB38}.Release|Any CPU.ActiveCfg = Release|Any CPU
		{C99D4E1F-DAAA-4135-909E-1652B1D4FB38}.Release|Any CPU.Build.0 = Release|Any CPU
	EndGlobalSection
	GlobalSection(SolutionProperties) = preSolution
		HideSolutionNode = FALSE
	EndGlobalSection
	GlobalSection(ExtensibilityGlobals) = postSolution
		SolutionGuid = {2F8533BA-2ABC-4116-A330-54BB16154AA4}
	EndGlobalSection
EndGlobal
